
Microsoft Visual Studio Solution File, Format Version 12.00
# Visual Studio Version 17
VisualStudioVersion = 17.7.34202.233
MinimumVisualStudioVersion = 10.0.40219.1
Project("{FAE04EC0-301F-11D3-BF4B-00C04F79EFBC}") = "ConsoleApp5", "ConsoleApp5.csproj", "{83D38E45-EA9B-4509-A912-D28B973D7F26}"
EndProject
Global
	GlobalSection(SolutionConfigurationPlatforms) = preSolution
		Debug|Any CPU = Debug|Any CPU
		Release|Any CPU = Release|Any CPU
	EndGlobalSection
	GlobalSection(ProjectConfigurationPlatforms) = postSolution
		{83D38E45-EA9B-4509-A912-D28B973D7F26}.Debug|Any CPU.ActiveCfg = Debug|Any CPU
		{83D38E45-EA9B-4509-A912-D28B973D7F26}.Debug|Any CPU.Build.0 = Debug|Any CPU
		{83D38E45-EA9B-4509-A912-D28B973D7F26}.Release|Any CPU.ActiveCfg = Release|Any CPU
		{83D38E45-EA9B-4509-A912-D28B973D7F26}.Release|Any CPU.Build.0 = Release|Any CPU
	EndGlobalSection
	GlobalSection(SolutionProperties) = preSolution
		HideSolutionNode = FALSE
	EndGlobalSection
	GlobalSection(ExtensibilityGlobals) = postSolution
		SolutionGuid = {6E22E4A3-FD58-4319-BA29-E94982DDB2F6}
	EndGlobalSection
EndGlobal
